// !$*UTF8*$!
{
	archiveVersion = 1;
	classes = {
	};
	objectVersion = 56;
	objects = {

/* Begin PBXBuildFile section */
		047BE0D92A51D14A00517224 /* LogInViewController.swift in Sources */ = {isa = PBXBuildFile; fileRef = 047BE0D82A51D14A00517224 /* LogInViewController.swift */; };
		047BE0DB2A52FA1300517224 /* PostTableViewCell.swift in Sources */ = {isa = PBXBuildFile; fileRef = 047BE0DA2A52FA1300517224 /* PostTableViewCell.swift */; };
		049170442A586BD20007C4C9 /* PhotoViewController.swift in Sources */ = {isa = PBXBuildFile; fileRef = 049170432A586BD20007C4C9 /* PhotoViewController.swift */; };
		049170472A586FD40007C4C9 /* PhotoCollectionViewCell.swift in Sources */ = {isa = PBXBuildFile; fileRef = 049170462A586FD40007C4C9 /* PhotoCollectionViewCell.swift */; };
		04CBDFF02A5B926F00E3EB1C /* Protocols.swift in Sources */ = {isa = PBXBuildFile; fileRef = 04CBDFEF2A5B926F00E3EB1C /* Protocols.swift */; };
		04CBDFF22A5C218400E3EB1C /* DetailViewController.swift in Sources */ = {isa = PBXBuildFile; fileRef = 04CBDFF12A5C218400E3EB1C /* DetailViewController.swift */; };
		04CF2B382A562B06007BCDAB /* TestViewController.swift in Sources */ = {isa = PBXBuildFile; fileRef = 04CF2B372A562B06007BCDAB /* TestViewController.swift */; };
		04CF2B3B2A562C43007BCDAB /* TableViewCell.swift in Sources */ = {isa = PBXBuildFile; fileRef = 04CF2B3A2A562C43007BCDAB /* TableViewCell.swift */; };
		04CF2B3D2A562F88007BCDAB /* CollectionViewCell.swift in Sources */ = {isa = PBXBuildFile; fileRef = 04CF2B3C2A562F88007BCDAB /* CollectionViewCell.swift */; };
		04D4D6A92A55A3C0007FC607 /* PhotoTableViewCell.swift in Sources */ = {isa = PBXBuildFile; fileRef = 04D4D6A82A55A3C0007FC607 /* PhotoTableViewCell.swift */; };
		2C082E4129928FB000EBB9DE /* PostViewController.swift in Sources */ = {isa = PBXBuildFile; fileRef = 2C082E4029928FB000EBB9DE /* PostViewController.swift */; };
		2C082E432992945A00EBB9DE /* Post.swift in Sources */ = {isa = PBXBuildFile; fileRef = 2C082E422992945A00EBB9DE /* Post.swift */; };
		2C082E4529929BD600EBB9DE /* InfoViewController.swift in Sources */ = {isa = PBXBuildFile; fileRef = 2C082E4429929BD600EBB9DE /* InfoViewController.swift */; };
		2C239C7129FF155A00A58FB3 /* ProfileHeaderView.swift in Sources */ = {isa = PBXBuildFile; fileRef = 2C239C7029FF155A00A58FB3 /* ProfileHeaderView.swift */; };
		2C239C7629FF1F3000A58FB3 /* ProfileViewController.swift in Sources */ = {isa = PBXBuildFile; fileRef = 2C239C7529FF1F3000A58FB3 /* ProfileViewController.swift */; };
		2C6CD993298B135E005266E3 /* AppDelegate.swift in Sources */ = {isa = PBXBuildFile; fileRef = 2C6CD992298B135E005266E3 /* AppDelegate.swift */; };
		2C6CD995298B135E005266E3 /* SceneDelegate.swift in Sources */ = {isa = PBXBuildFile; fileRef = 2C6CD994298B135E005266E3 /* SceneDelegate.swift */; };
		2C6CD99C298B135F005266E3 /* Assets.xcassets in Resources */ = {isa = PBXBuildFile; fileRef = 2C6CD99B298B135F005266E3 /* Assets.xcassets */; };
		2C6CD99F298B135F005266E3 /* LaunchScreen.storyboard in Resources */ = {isa = PBXBuildFile; fileRef = 2C6CD99D298B135F005266E3 /* LaunchScreen.storyboard */; };
		2C9D73282991DB25006F52FC /* FeedViewController.swift in Sources */ = {isa = PBXBuildFile; fileRef = 2C9D73272991DB25006F52FC /* FeedViewController.swift */; };
/* End PBXBuildFile section */

/* Begin PBXFileReference section */
		047BE0D82A51D14A00517224 /* LogInViewController.swift */ = {isa = PBXFileReference; lastKnownFileType = sourcecode.swift; path = LogInViewController.swift; sourceTree = "<group>"; };
		047BE0DA2A52FA1300517224 /* PostTableViewCell.swift */ = {isa = PBXFileReference; lastKnownFileType = sourcecode.swift; path = PostTableViewCell.swift; sourceTree = "<group>"; };
		049170432A586BD20007C4C9 /* PhotoViewController.swift */ = {isa = PBXFileReference; lastKnownFileType = sourcecode.swift; path = PhotoViewController.swift; sourceTree = "<group>"; };
		049170462A586FD40007C4C9 /* PhotoCollectionViewCell.swift */ = {isa = PBXFileReference; lastKnownFileType = sourcecode.swift; path = PhotoCollectionViewCell.swift; sourceTree = "<group>"; };
		04CBDFEF2A5B926F00E3EB1C /* Protocols.swift */ = {isa = PBXFileReference; lastKnownFileType = sourcecode.swift; path = Protocols.swift; sourceTree = "<group>"; };
		04CBDFF12A5C218400E3EB1C /* DetailViewController.swift */ = {isa = PBXFileReference; lastKnownFileType = sourcecode.swift; path = DetailViewController.swift; sourceTree = "<group>"; };
		04CF2B372A562B06007BCDAB /* TestViewController.swift */ = {isa = PBXFileReference; lastKnownFileType = sourcecode.swift; path = TestViewController.swift; sourceTree = "<group>"; };
		04CF2B3A2A562C43007BCDAB /* TableViewCell.swift */ = {isa = PBXFileReference; lastKnownFileType = sourcecode.swift; path = TableViewCell.swift; sourceTree = "<group>"; };
		04CF2B3C2A562F88007BCDAB /* CollectionViewCell.swift */ = {isa = PBXFileReference; lastKnownFileType = sourcecode.swift; path = CollectionViewCell.swift; sourceTree = "<group>"; };
		04D4D6A82A55A3C0007FC607 /* PhotoTableViewCell.swift */ = {isa = PBXFileReference; lastKnownFileType = sourcecode.swift; path = PhotoTableViewCell.swift; sourceTree = "<group>"; };
		2C082E4029928FB000EBB9DE /* PostViewController.swift */ = {isa = PBXFileReference; lastKnownFileType = sourcecode.swift; path = PostViewController.swift; sourceTree = "<group>"; };
		2C082E422992945A00EBB9DE /* Post.swift */ = {isa = PBXFileReference; lastKnownFileType = sourcecode.swift; path = Post.swift; sourceTree = "<group>"; };
		2C082E4429929BD600EBB9DE /* InfoViewController.swift */ = {isa = PBXFileReference; lastKnownFileType = sourcecode.swift; path = InfoViewController.swift; sourceTree = "<group>"; };
		2C239C7029FF155A00A58FB3 /* ProfileHeaderView.swift */ = {isa = PBXFileReference; lastKnownFileType = sourcecode.swift; path = ProfileHeaderView.swift; sourceTree = "<group>"; };
		2C239C7529FF1F3000A58FB3 /* ProfileViewController.swift */ = {isa = PBXFileReference; lastKnownFileType = sourcecode.swift; path = ProfileViewController.swift; sourceTree = "<group>"; };
		2C6CD98F298B135E005266E3 /* Navigation.app */ = {isa = PBXFileReference; explicitFileType = wrapper.application; includeInIndex = 0; path = Navigation.app; sourceTree = BUILT_PRODUCTS_DIR; };
		2C6CD992298B135E005266E3 /* AppDelegate.swift */ = {isa = PBXFileReference; lastKnownFileType = sourcecode.swift; path = AppDelegate.swift; sourceTree = "<group>"; };
		2C6CD994298B135E005266E3 /* SceneDelegate.swift */ = {isa = PBXFileReference; lastKnownFileType = sourcecode.swift; path = SceneDelegate.swift; sourceTree = "<group>"; };
		2C6CD99B298B135F005266E3 /* Assets.xcassets */ = {isa = PBXFileReference; lastKnownFileType = folder.assetcatalog; path = Assets.xcassets; sourceTree = "<group>"; };
		2C6CD99E298B135F005266E3 /* Base */ = {isa = PBXFileReference; lastKnownFileType = file.storyboard; name = Base; path = Base.lproj/LaunchScreen.storyboard; sourceTree = "<group>"; };
		2C6CD9A0298B135F005266E3 /* Info.plist */ = {isa = PBXFileReference; lastKnownFileType = text.plist.xml; path = Info.plist; sourceTree = "<group>"; };
		2C9D73272991DB25006F52FC /* FeedViewController.swift */ = {isa = PBXFileReference; lastKnownFileType = sourcecode.swift; path = FeedViewController.swift; sourceTree = "<group>"; };
/* End PBXFileReference section */

/* Begin PBXFrameworksBuildPhase section */
		2C6CD98C298B135E005266E3 /* Frameworks */ = {
			isa = PBXFrameworksBuildPhase;
			buildActionMask = 2147483647;
			files = (
			);
			runOnlyForDeploymentPostprocessing = 0;
		};
/* End PBXFrameworksBuildPhase section */

/* Begin PBXGroup section */
		049170452A586BDC0007C4C9 /* PhotoModul */ = {
			isa = PBXGroup;
			children = (
				049170432A586BD20007C4C9 /* PhotoViewController.swift */,
				049170462A586FD40007C4C9 /* PhotoCollectionViewCell.swift */,
			);
			path = PhotoModul;
			sourceTree = "<group>";
		};
		04A1C8142A545A52007E5826 /* PostModul */ = {
			isa = PBXGroup;
			children = (
				2C082E4029928FB000EBB9DE /* PostViewController.swift */,
			);
			path = PostModul;
			sourceTree = "<group>";
		};
		04CF2B392A562B0D007BCDAB /* Tests */ = {
			isa = PBXGroup;
			children = (
				04CF2B372A562B06007BCDAB /* TestViewController.swift */,
				04CF2B3A2A562C43007BCDAB /* TableViewCell.swift */,
			);
			path = Tests;
			sourceTree = "<group>";
		};
		2C239C6F29FF150B00A58FB3 /* ProfileModule */ = {
			isa = PBXGroup;
			children = (
				2C239C7529FF1F3000A58FB3 /* ProfileViewController.swift */,
				04CBDFEF2A5B926F00E3EB1C /* Protocols.swift */,
				04CBDFF12A5C218400E3EB1C /* DetailViewController.swift */,
				2C082E422992945A00EBB9DE /* Post.swift */,
				047BE0DA2A52FA1300517224 /* PostTableViewCell.swift */,
				04D4D6A82A55A3C0007FC607 /* PhotoTableViewCell.swift */,
				04CF2B3C2A562F88007BCDAB /* CollectionViewCell.swift */,
				2C239C7029FF155A00A58FB3 /* ProfileHeaderView.swift */,
			);
			path = ProfileModule;
			sourceTree = "<group>";
		};
		2C6CD986298B135E005266E3 = {
			isa = PBXGroup;
			children = (
				2C6CD991298B135E005266E3 /* Navigation */,
				2C6CD990298B135E005266E3 /* Products */,
			);
			sourceTree = "<group>";
		};
		2C6CD990298B135E005266E3 /* Products */ = {
			isa = PBXGroup;
			children = (
				2C6CD98F298B135E005266E3 /* Navigation.app */,
			);
			name = Products;
			sourceTree = "<group>";
		};
		2C6CD991298B135E005266E3 /* Navigation */ = {
			isa = PBXGroup;
			children = (
				2C6CD992298B135E005266E3 /* AppDelegate.swift */,
				2C6CD994298B135E005266E3 /* SceneDelegate.swift */,
				2C239C6F29FF150B00A58FB3 /* ProfileModule */,
				04A1C8142A545A52007E5826 /* PostModul */,
				049170452A586BDC0007C4C9 /* PhotoModul */,
				04CF2B392A562B0D007BCDAB /* Tests */,
				047BE0D82A51D14A00517224 /* LogInViewController.swift */,
				2C082E4429929BD600EBB9DE /* InfoViewController.swift */,
				2C9D73272991DB25006F52FC /* FeedViewController.swift */,
				2C6CD99B298B135F005266E3 /* Assets.xcassets */,
				2C6CD99D298B135F005266E3 /* LaunchScreen.storyboard */,
				2C6CD9A0298B135F005266E3 /* Info.plist */,
			);
			path = Navigation;
			sourceTree = "<group>";
		};
/* End PBXGroup section */

/* Begin PBXNativeTarget section */
		2C6CD98E298B135E005266E3 /* Navigation */ = {
			isa = PBXNativeTarget;
			buildConfigurationList = 2C6CD9A3298B135F005266E3 /* Build configuration list for PBXNativeTarget "Navigation" */;
			buildPhases = (
				2C6CD98B298B135E005266E3 /* Sources */,
				2C6CD98C298B135E005266E3 /* Frameworks */,
				2C6CD98D298B135E005266E3 /* Resources */,
			);
			buildRules = (
			);
			dependencies = (
			);
			name = Navigation;
			productName = Navigation;
			productReference = 2C6CD98F298B135E005266E3 /* Navigation.app */;
			productType = "com.apple.product-type.application";
		};
/* End PBXNativeTarget section */

/* Begin PBXProject section */
		2C6CD987298B135E005266E3 /* Project object */ = {
			isa = PBXProject;
			attributes = {
				BuildIndependentTargetsInParallel = 1;
				LastSwiftUpdateCheck = 1420;
				LastUpgradeCheck = 1420;
				TargetAttributes = {
					2C6CD98E298B135E005266E3 = {
						CreatedOnToolsVersion = 14.2;
					};
				};
			};
			buildConfigurationList = 2C6CD98A298B135E005266E3 /* Build configuration list for PBXProject "Navigation" */;
			compatibilityVersion = "Xcode 14.0";
			developmentRegion = en;
			hasScannedForEncodings = 0;
			knownRegions = (
				en,
				Base,
			);
			mainGroup = 2C6CD986298B135E005266E3;
			productRefGroup = 2C6CD990298B135E005266E3 /* Products */;
			projectDirPath = "";
			projectRoot = "";
			targets = (
				2C6CD98E298B135E005266E3 /* Navigation */,
			);
		};
/* End PBXProject section */

/* Begin PBXResourcesBuildPhase section */
		2C6CD98D298B135E005266E3 /* Resources */ = {
			isa = PBXResourcesBuildPhase;
			buildActionMask = 2147483647;
			files = (
				2C6CD99F298B135F005266E3 /* LaunchScreen.storyboard in Resources */,
				2C6CD99C298B135F005266E3 /* Assets.xcassets in Resources */,
			);
			runOnlyForDeploymentPostprocessing = 0;
		};
/* End PBXResourcesBuildPhase section */

/* Begin PBXSourcesBuildPhase section */
		2C6CD98B298B135E005266E3 /* Sources */ = {
			isa = PBXSourcesBuildPhase;
			buildActionMask = 2147483647;
			files = (
				04CF2B3B2A562C43007BCDAB /* TableViewCell.swift in Sources */,
				04CF2B382A562B06007BCDAB /* TestViewController.swift in Sources */,
				047BE0DB2A52FA1300517224 /* PostTableViewCell.swift in Sources */,
				2C082E4129928FB000EBB9DE /* PostViewController.swift in Sources */,
				2C239C7629FF1F3000A58FB3 /* ProfileViewController.swift in Sources */,
				2C6CD993298B135E005266E3 /* AppDelegate.swift in Sources */,
				2C6CD995298B135E005266E3 /* SceneDelegate.swift in Sources */,
				2C239C7129FF155A00A58FB3 /* ProfileHeaderView.swift in Sources */,
				2C082E432992945A00EBB9DE /* Post.swift in Sources */,
				04CBDFF22A5C218400E3EB1C /* DetailViewController.swift in Sources */,
				049170472A586FD40007C4C9 /* PhotoCollectionViewCell.swift in Sources */,
				04CF2B3D2A562F88007BCDAB /* CollectionViewCell.swift in Sources */,
				04D4D6A92A55A3C0007FC607 /* PhotoTableViewCell.swift in Sources */,
				2C082E4529929BD600EBB9DE /* InfoViewController.swift in Sources */,
				047BE0D92A51D14A00517224 /* LogInViewController.swift in Sources */,
				2C9D73282991DB25006F52FC /* FeedViewController.swift in Sources */,
				04CBDFF02A5B926F00E3EB1C /* Protocols.swift in Sources */,
				049170442A586BD20007C4C9 /* PhotoViewController.swift in Sources */,
			);
			runOnlyForDeploymentPostprocessing = 0;
		};
/* End PBXSourcesBuildPhase section */

/* Begin PBXVariantGroup section */
		2C6CD99D298B135F005266E3 /* LaunchScreen.storyboard */ = {
			isa = PBXVariantGroup;
			children = (
				2C6CD99E298B135F005266E3 /* Base */,
			);
			name = LaunchScreen.storyboard;
			sourceTree = "<group>";
		};
/* End PBXVariantGroup section */

/* Begin XCBuildConfiguration section */
		2C6CD9A1298B135F005266E3 /* Debug */ = {
			isa = XCBuildConfiguration;
			buildSettings = {
				ALWAYS_SEARCH_USER_PATHS = NO;
				CLANG_ANALYZER_NONNULL = YES;
				CLANG_ANALYZER_NUMBER_OBJECT_CONVERSION = YES_AGGRESSIVE;
				CLANG_CXX_LANGUAGE_STANDARD = "gnu++20";
				CLANG_ENABLE_MODULES = YES;
				CLANG_ENABLE_OBJC_ARC = YES;
				CLANG_ENABLE_OBJC_WEAK = YES;
				CLANG_WARN_BLOCK_CAPTURE_AUTORELEASING = YES;
				CLANG_WARN_BOOL_CONVERSION = YES;
				CLANG_WARN_COMMA = YES;
				CLANG_WARN_CONSTANT_CONVERSION = YES;
				CLANG_WARN_DEPRECATED_OBJC_IMPLEMENTATIONS = YES;
				CLANG_WARN_DIRECT_OBJC_ISA_USAGE = YES_ERROR;
				CLANG_WARN_DOCUMENTATION_COMMENTS = YES;
				CLANG_WARN_EMPTY_BODY = YES;
				CLANG_WARN_ENUM_CONVERSION = YES;
				CLANG_WARN_INFINITE_RECURSION = YES;
				CLANG_WARN_INT_CONVERSION = YES;
				CLANG_WARN_NON_LITERAL_NULL_CONVERSION = YES;
				CLANG_WARN_OBJC_IMPLICIT_RETAIN_SELF = YES;
				CLANG_WARN_OBJC_LITERAL_CONVERSION = YES;
				CLANG_WARN_OBJC_ROOT_CLASS = YES_ERROR;
				CLANG_WARN_QUOTED_INCLUDE_IN_FRAMEWORK_HEADER = YES;
				CLANG_WARN_RANGE_LOOP_ANALYSIS = YES;
				CLANG_WARN_STRICT_PROTOTYPES = YES;
				CLANG_WARN_SUSPICIOUS_MOVE = YES;
				CLANG_WARN_UNGUARDED_AVAILABILITY = YES_AGGRESSIVE;
				CLANG_WARN_UNREACHABLE_CODE = YES;
				CLANG_WARN__DUPLICATE_METHOD_MATCH = YES;
				COPY_PHASE_STRIP = NO;
				DEBUG_INFORMATION_FORMAT = dwarf;
				ENABLE_STRICT_OBJC_MSGSEND = YES;
				ENABLE_TESTABILITY = YES;
				GCC_C_LANGUAGE_STANDARD = gnu11;
				GCC_DYNAMIC_NO_PIC = NO;
				GCC_NO_COMMON_BLOCKS = YES;
				GCC_OPTIMIZATION_LEVEL = 0;
				GCC_PREPROCESSOR_DEFINITIONS = (
					"DEBUG=1",
					"$(inherited)",
				);
				GCC_WARN_64_TO_32_BIT_CONVERSION = YES;
				GCC_WARN_ABOUT_RETURN_TYPE = YES_ERROR;
				GCC_WARN_UNDECLARED_SELECTOR = YES;
				GCC_WARN_UNINITIALIZED_AUTOS = YES_AGGRESSIVE;
				GCC_WARN_UNUSED_FUNCTION = YES;
				GCC_WARN_UNUSED_VARIABLE = YES;
				IPHONEOS_DEPLOYMENT_TARGET = 16.2;
				MTL_ENABLE_DEBUG_INFO = INCLUDE_SOURCE;
				MTL_FAST_MATH = YES;
				ONLY_ACTIVE_ARCH = YES;
				SDKROOT = iphoneos;
				SWIFT_ACTIVE_COMPILATION_CONDITIONS = DEBUG;
				SWIFT_OPTIMIZATION_LEVEL = "-Onone";
			};
			name = Debug;
		};
		2C6CD9A2298B135F005266E3 /* Release */ = {
			isa = XCBuildConfiguration;
			buildSettings = {
				ALWAYS_SEARCH_USER_PATHS = NO;
				CLANG_ANALYZER_NONNULL = YES;
				CLANG_ANALYZER_NUMBER_OBJECT_CONVERSION = YES_AGGRESSIVE;
				CLANG_CXX_LANGUAGE_STANDARD = "gnu++20";
				CLANG_ENABLE_MODULES = YES;
				CLANG_ENABLE_OBJC_ARC = YES;
				CLANG_ENABLE_OBJC_WEAK = YES;
				CLANG_WARN_BLOCK_CAPTURE_AUTORELEASING = YES;
				CLANG_WARN_BOOL_CONVERSION = YES;
				CLANG_WARN_COMMA = YES;
				CLANG_WARN_CONSTANT_CONVERSION = YES;
				CLANG_WARN_DEPRECATED_OBJC_IMPLEMENTATIONS = YES;
				CLANG_WARN_DIRECT_OBJC_ISA_USAGE = YES_ERROR;
				CLANG_WARN_DOCUMENTATION_COMMENTS = YES;
				CLANG_WARN_EMPTY_BODY = YES;
				CLANG_WARN_ENUM_CONVERSION = YES;
				CLANG_WARN_INFINITE_RECURSION = YES;
				CLANG_WARN_INT_CONVERSION = YES;
				CLANG_WARN_NON_LITERAL_NULL_CONVERSION = YES;
				CLANG_WARN_OBJC_IMPLICIT_RETAIN_SELF = YES;
				CLANG_WARN_OBJC_LITERAL_CONVERSION = YES;
				CLANG_WARN_OBJC_ROOT_CLASS = YES_ERROR;
				CLANG_WARN_QUOTED_INCLUDE_IN_FRAMEWORK_HEADER = YES;
				CLANG_WARN_RANGE_LOOP_ANALYSIS = YES;
				CLANG_WARN_STRICT_PROTOTYPES = YES;
				CLANG_WARN_SUSPICIOUS_MOVE = YES;
				CLANG_WARN_UNGUARDED_AVAILABILITY = YES_AGGRESSIVE;
				CLANG_WARN_UNREACHABLE_CODE = YES;
				CLANG_WARN__DUPLICATE_METHOD_MATCH = YES;
				COPY_PHASE_STRIP = NO;
				DEBUG_INFORMATION_FORMAT = "dwarf-with-dsym";
				ENABLE_NS_ASSERTIONS = NO;
				ENABLE_STRICT_OBJC_MSGSEND = YES;
				GCC_C_LANGUAGE_STANDARD = gnu11;
				GCC_NO_COMMON_BLOCKS = YES;
				GCC_WARN_64_TO_32_BIT_CONVERSION = YES;
				GCC_WARN_ABOUT_RETURN_TYPE = YES_ERROR;
				GCC_WARN_UNDECLARED_SELECTOR = YES;
				GCC_WARN_UNINITIALIZED_AUTOS = YES_AGGRESSIVE;
				GCC_WARN_UNUSED_FUNCTION = YES;
				GCC_WARN_UNUSED_VARIABLE = YES;
				IPHONEOS_DEPLOYMENT_TARGET = 16.2;
				MTL_ENABLE_DEBUG_INFO = NO;
				MTL_FAST_MATH = YES;
				SDKROOT = iphoneos;
				SWIFT_COMPILATION_MODE = wholemodule;
				SWIFT_OPTIMIZATION_LEVEL = "-O";
				VALIDATE_PRODUCT = YES;
			};
			name = Release;
		};
		2C6CD9A4298B135F005266E3 /* Debug */ = {
			isa = XCBuildConfiguration;
			buildSettings = {
				ASSETCATALOG_COMPILER_APPICON_NAME = AppIcon;
				ASSETCATALOG_COMPILER_GLOBAL_ACCENT_COLOR_NAME = AccentColor;
				CODE_SIGN_STYLE = Automatic;
				CURRENT_PROJECT_VERSION = 1;
				DEVELOPMENT_TEAM = 9FWV8TD269;
				GENERATE_INFOPLIST_FILE = YES;
				INFOPLIST_FILE = Navigation/Info.plist;
				INFOPLIST_KEY_UIApplicationSupportsIndirectInputEvents = YES;
				INFOPLIST_KEY_UILaunchStoryboardName = LaunchScreen;
				INFOPLIST_KEY_UISupportedInterfaceOrientations_iPad = "UIInterfaceOrientationPortrait UIInterfaceOrientationPortraitUpsideDown UIInterfaceOrientationLandscapeLeft UIInterfaceOrientationLandscapeRight";
				INFOPLIST_KEY_UISupportedInterfaceOrientations_iPhone = "UIInterfaceOrientationPortrait UIInterfaceOrientationLandscapeLeft UIInterfaceOrientationLandscapeRight";
				IPHONEOS_DEPLOYMENT_TARGET = 16.0;
				LD_RUNPATH_SEARCH_PATHS = (
					"$(inherited)",
					"@executable_path/Frameworks",
				);
				MARKETING_VERSION = 1.0;
				PRODUCT_BUNDLE_IDENTIFIER = "Ramazanow-Roman.Navigation";
				PRODUCT_NAME = "$(TARGET_NAME)";
				SWIFT_EMIT_LOC_STRINGS = YES;
				SWIFT_VERSION = 5.0;
				TARGETED_DEVICE_FAMILY = "1,2";
			};
			name = Debug;
		};
		2C6CD9A5298B135F005266E3 /* Release */ = {
			isa = XCBuildConfiguration;
			buildSettings = {
				ASSETCATALOG_COMPILER_APPICON_NAME = AppIcon;
				ASSETCATALOG_COMPILER_GLOBAL_ACCENT_COLOR_NAME = AccentColor;
				CODE_SIGN_STYLE = Automatic;
				CURRENT_PROJECT_VERSION = 1;
				DEVELOPMENT_TEAM = 9FWV8TD269;
				GENERATE_INFOPLIST_FILE = YES;
				INFOPLIST_FILE = Navigation/Info.plist;
				INFOPLIST_KEY_UIApplicationSupportsIndirectInputEvents = YES;
				INFOPLIST_KEY_UILaunchStoryboardName = LaunchScreen;
				INFOPLIST_KEY_UISupportedInterfaceOrientations_iPad = "UIInterfaceOrientationPortrait UIInterfaceOrientationPortraitUpsideDown UIInterfaceOrientationLandscapeLeft UIInterfaceOrientationLandscapeRight";
				INFOPLIST_KEY_UISupportedInterfaceOrientations_iPhone = "UIInterfaceOrientationPortrait UIInterfaceOrientationLandscapeLeft UIInterfaceOrientationLandscapeRight";
				IPHONEOS_DEPLOYMENT_TARGET = 16.0;
				LD_RUNPATH_SEARCH_PATHS = (
					"$(inherited)",
					"@executable_path/Frameworks",
				);
				MARKETING_VERSION = 1.0;
				PRODUCT_BUNDLE_IDENTIFIER = "Ramazanow-Roman.Navigation";
				PRODUCT_NAME = "$(TARGET_NAME)";
				SWIFT_EMIT_LOC_STRINGS = YES;
				SWIFT_VERSION = 5.0;
				TARGETED_DEVICE_FAMILY = "1,2";
			};
			name = Release;
		};
/* End XCBuildConfiguration section */

/* Begin XCConfigurationList section */
		2C6CD98A298B135E005266E3 /* Build configuration list for PBXProject "Navigation" */ = {
			isa = XCConfigurationList;
			buildConfigurations = (
				2C6CD9A1298B135F005266E3 /* Debug */,
				2C6CD9A2298B135F005266E3 /* Release */,
			);
			defaultConfigurationIsVisible = 0;
			defaultConfigurationName = Release;
		};
		2C6CD9A3298B135F005266E3 /* Build configuration list for PBXNativeTarget "Navigation" */ = {
			isa = XCConfigurationList;
			buildConfigurations = (
				2C6CD9A4298B135F005266E3 /* Debug */,
				2C6CD9A5298B135F005266E3 /* Release */,
			);
			defaultConfigurationIsVisible = 0;
			defaultConfigurationName = Release;
		};
/* End XCConfigurationList section */
	};
	rootObject = 2C6CD987298B135E005266E3 /* Project object */;
}
